Microsoft Visual Studio Solution File, Format Version 12.00
# Visual Studio Version 17
VisualStudioVersion = 17.11.35327.3
MinimumVisualStudioVersion = 16.0.0.0
Project("{9A19103F-16F7-4668-BE54-9A1E7A4F7556}") = "Zcrypta", "Zcrypta\Zcrypta.csproj", "{92F5DFFE-A0CF-406A-99EC-3D701AB59A15}"
EndProject
Project("{9A19103F-16F7-4668-BE54-9A1E7A4F7556}") = "Zcrypta.Client", "Zcrypta.Client\Zcrypta.Client.csproj", "{CAF4960A-DD80-43DE-ACEE-CBB5C1FEA3F7}"
EndProject
Project("{9A19103F-16F7-4668-BE54-9A1E7A4F7556}") = "Zcrypta.Entities", "Zcrypta.Entities\Zcrypta.Entities.csproj", "{3DE033C0-B7A1-4198-9E48-4F0493FA818D}"
EndProject
Project("{2150E333-8FDC-42A3-9474-1A3956D46DE8}") = "Solution Items", "Solution Items", "{21AF81D8-FF52-4EC4-8828-3E75C272D7EC}"
EndProject
Project("{9A19103F-16F7-4668-BE54-9A1E7A4F7556}") = "Zcrypta.Extensions", "Zcrypta.Extensions\Zcrypta.Extensions.csproj", "{B9B5BB09-69B8-4F70-9A0A-B44378D1D9B9}"
EndProject
Project("{9A19103F-16F7-4668-BE54-9A1E7A4F7556}") = "Zcrypta.Admin", "Zcrypta.Admin\Zcrypta.Admin.csproj", "{5DD99FEE-0107-434C-9131-C1948ACA3BDF}"
EndProject
Global
	GlobalSection(SolutionConfigurationPlatforms) = preSolution
		Debug|Any CPU = Debug|Any CPU
		Debug|x64 = Debug|x64
		Debug|x86 = Debug|x86
		Release|Any CPU = Release|Any CPU
		Release|x64 = Release|x64
		Release|x86 = Release|x86
	EndGlobalSection
	GlobalSection(ProjectConfigurationPlatforms) = postSolution
		{92F5DFFE-A0CF-406A-99EC-3D701AB59A15}.Debug|Any CPU.ActiveCfg = Debug|Any CPU
		{92F5DFFE-A0CF-406A-99EC-3D701AB59A15}.Debug|Any CPU.Build.0 = Debug|Any CPU
		{92F5DFFE-A0CF-406A-99EC-3D701AB59A15}.Debug|x64.ActiveCfg = Debug|Any CPU
		{92F5DFFE-A0CF-406A-99EC-3D701AB59A15}.Debug|x64.Build.0 = Debug|Any CPU
		{92F5DFFE-A0CF-406A-99EC-3D701AB59A15}.Debug|x86.ActiveCfg = Debug|Any CPU
		{92F5DFFE-A0CF-406A-99EC-3D701AB59A15}.Debug|x86.Build.0 = Debug|Any CPU
		{92F5DFFE-A0CF-406A-99EC-3D701AB59A15}.Release|Any CPU.ActiveCfg = Release|Any CPU
		{92F5DFFE-A0CF-406A-99EC-3D701AB59A15}.Release|Any CPU.Build.0 = Release|Any CPU
		{92F5DFFE-A0CF-406A-99EC-3D701AB59A15}.Release|x64.ActiveCfg = Release|Any CPU
		{92F5DFFE-A0CF-406A-99EC-3D701AB59A15}.Release|x64.Build.0 = Release|Any CPU
		{92F5DFFE-A0CF-406A-99EC-3D701AB59A15}.Release|x86.ActiveCfg = Release|Any CPU
		{92F5DFFE-A0CF-406A-99EC-3D701AB59A15}.Release|x86.Build.0 = Release|Any CPU
		{CAF4960A-DD80-43DE-ACEE-CBB5C1FEA3F7}.Debug|Any CPU.ActiveCfg = Debug|Any CPU
		{CAF4960A-DD80-43DE-ACEE-CBB5C1FEA3F7}.Debug|Any CPU.Build.0 = Debug|Any CPU
		{CAF4960A-DD80-43DE-ACEE-CBB5C1FEA3F7}.Debug|x64.ActiveCfg = Debug|Any CPU
		{CAF4960A-DD80-43DE-ACEE-CBB5C1FEA3F7}.Debug|x64.Build.0 = Debug|Any CPU
		{CAF4960A-DD80-43DE-ACEE-CBB5C1FEA3F7}.Debug|x86.ActiveCfg = Debug|Any CPU
		{CAF4960A-DD80-43DE-ACEE-CBB5C1FEA3F7}.Debug|x86.Build.0 = Debug|Any CPU
		{CAF4960A-DD80-43DE-ACEE-CBB5C1FEA3F7}.Release|Any CPU.ActiveCfg = Release|Any CPU
		{CAF4960A-DD80-43DE-ACEE-CBB5C1FEA3F7}.Release|Any CPU.Build.0 = Release|Any CPU
		{CAF4960A-DD80-43DE-ACEE-CBB5C1FEA3F7}.Release|x64.ActiveCfg = Release|Any CPU
		{CAF4960A-DD80-43DE-ACEE-CBB5C1FEA3F7}.Release|x64.Build.0 = Release|Any CPU
		{CAF4960A-DD80-43DE-ACEE-CBB5C1FEA3F7}.Release|x86.ActiveCfg = Release|Any CPU
		{CAF4960A-DD80-43DE-ACEE-CBB5C1FEA3F7}.Release|x86.Build.0 = Release|Any CPU
		{3DE033C0-B7A1-4198-9E48-4F0493FA818D}.Debug|Any CPU.ActiveCfg = Debug|Any CPU
		{3DE033C0-B7A1-4198-9E48-4F0493FA818D}.Debug|Any CPU.Build.0 = Debug|Any CPU
		{3DE033C0-B7A1-4198-9E48-4F0493FA818D}.Debug|x64.ActiveCfg = Debug|Any CPU
		{3DE033C0-B7A1-4198-9E48-4F0493FA818D}.Debug|x64.Build.0 = Debug|Any CPU
		{3DE033C0-B7A1-4198-9E48-4F0493FA818D}.Debug|x86.ActiveCfg = Debug|Any CPU
		{3DE033C0-B7A1-4198-9E48-4F0493FA818D}.Debug|x86.Build.0 = Debug|Any CPU
		{3DE033C0-B7A1-4198-9E48-4F0493FA818D}.Release|Any CPU.ActiveCfg = Release|Any CPU
		{3DE033C0-B7A1-4198-9E48-4F0493FA818D}.Release|Any CPU.Build.0 = Release|Any CPU
		{3DE033C0-B7A1-4198-9E48-4F0493FA818D}.Release|x64.ActiveCfg = Release|Any CPU
		{3DE033C0-B7A1-4198-9E48-4F0493FA818D}.Release|x64.Build.0 = Release|Any CPU
		{3DE033C0-B7A1-4198-9E48-4F0493FA818D}.Release|x86.ActiveCfg = Release|Any CPU
		{3DE033C0-B7A1-4198-9E48-4F0493FA818D}.Release|x86.Build.0 = Release|Any CPU
		{B9B5BB09-69B8-4F70-9A0A-B44378D1D9B9}.Debug|Any CPU.ActiveCfg = Debug|Any CPU
		{B9B5BB09-69B8-4F70-9A0A-B44378D1D9B9}.Debug|Any CPU.Build.0 = Debug|Any CPU
		{B9B5BB09-69B8-4F70-9A0A-B44378D1D9B9}.Debug|x64.ActiveCfg = Debug|Any CPU
		{B9B5BB09-69B8-4F70-9A0A-B44378D1D9B9}.Debug|x64.Build.0 = Debug|Any CPU
		{B9B5BB09-69B8-4F70-9A0A-B44378D1D9B9}.Debug|x86.ActiveCfg = Debug|Any CPU
		{B9B5BB09-69B8-4F70-9A0A-B44378D1D9B9}.Debug|x86.Build.0 = Debug|Any CPU
		{B9B5BB09-69B8-4F70-9A0A-B44378D1D9B9}.Release|Any CPU.ActiveCfg = Release|Any CPU
		{B9B5BB09-69B8-4F70-9A0A-B44378D1D9B9}.Release|Any CPU.Build.0 = Release|Any CPU
		{B9B5BB09-69B8-4F70-9A0A-B44378D1D9B9}.Release|x64.ActiveCfg = Release|Any CPU
		{B9B5BB09-69B8-4F70-9A0A-B44378D1D9B9}.Release|x64.Build.0 = Release|Any CPU
		{B9B5BB09-69B8-4F70-9A0A-B44378D1D9B9}.Release|x86.ActiveCfg = Release|Any CPU
		{B9B5BB09-69B8-4F70-9A0A-B44378D1D9B9}.Release|x86.Build.0 = Release|Any CPU
		{5DD99FEE-0107-434C-9131-C1948ACA3BDF}.Debug|Any CPU.ActiveCfg = Debug|Any CPU
		{5DD99FEE-0107-434C-9131-C1948ACA3BDF}.Debug|Any CPU.Build.0 = Debug|Any CPU
		{5DD99FEE-0107-434C-9131-C1948ACA3BDF}.Debug|x64.ActiveCfg = Debug|Any CPU
		{5DD99FEE-0107-434C-9131-C1948ACA3BDF}.Debug|x64.Build.0 = Debug|Any CPU
		{5DD99FEE-0107-434C-9131-C1948ACA3BDF}.Debug|x86.ActiveCfg = Debug|Any CPU
		{5DD99FEE-0107-434C-9131-C1948ACA3BDF}.Debug|x86.Build.0 = Debug|Any CPU
		{5DD99FEE-0107-434C-9131-C1948ACA3BDF}.Release|Any CPU.ActiveCfg = Release|Any CPU
		{5DD99FEE-0107-434C-9131-C1948ACA3BDF}.Release|Any CPU.Build.0 = Release|Any CPU
		{5DD99FEE-0107-434C-9131-C1948ACA3BDF}.Release|x64.ActiveCfg = Release|Any CPU
		{5DD99FEE-0107-434C-9131-C1948ACA3BDF}.Release|x64.Build.0 = Release|Any CPU
		{5DD99FEE-0107-434C-9131-C1948ACA3BDF}.Release|x86.ActiveCfg = Release|Any CPU
		{5DD99FEE-0107-434C-9131-C1948ACA3BDF}.Release|x86.Build.0 = Release|Any CPU
	EndGlobalSection
	GlobalSection(SolutionProperties) = preSolution
		HideSolutionNode = FALSE
	EndGlobalSection
	GlobalSection(ExtensibilityGlobals) = postSolution
		SolutionGuid = {2628FB9A-A981-4596-B9C0-37F1D336275A}
	EndGlobalSection
EndGlobal
